
Microsoft Visual Studio Solution File, Format Version 12.00
# Visual Studio 15
VisualStudioVersion = 15.0.27004.2006
MinimumVisualStudioVersion = 10.0.40219.1
Project("{FAE04EC0-301F-11D3-BF4B-00C04F79EFBC}") = "Problema spectacolelor", "Problema spectacolelor\Problema spectacolelor.csproj", "{AB0343C0-A0F9-4778-AF85-DAE4A524BFDC}"
EndProject
Global
	GlobalSection(SolutionConfigurationPlatforms) = preSolution
		Debug|Any CPU = Debug|Any CPU
		Release|Any CPU = Release|Any CPU
	EndGlobalSection
	GlobalSection(ProjectConfigurationPlatforms) = postSolution
		{AB0343C0-A0F9-4778-AF85-DAE4A524BFDC}.Debug|Any CPU.ActiveCfg = Debug|Any CPU
		{AB0343C0-A0F9-4778-AF85-DAE4A524BFDC}.Debug|Any CPU.Build.0 = Debug|Any CPU
		{AB0343C0-A0F9-4778-AF85-DAE4A524BFDC}.Release|Any CPU.ActiveCfg = Release|Any CPU
		{AB0343C0-A0F9-4778-AF85-DAE4A524BFDC}.Release|Any CPU.Build.0 = Release|Any CPU
	EndGlobalSection
	GlobalSection(SolutionProperties) = preSolution
		HideSolutionNode = FALSE
	EndGlobalSection
	GlobalSection(ExtensibilityGlobals) = postSolution
		SolutionGuid = {1EB4F189-E476-48D4-B5A6-2E9821A1A07B}
	EndGlobalSection
EndGlobal
