
Microsoft Visual Studio Solution File, Format Version 12.00
# Visual Studio 15
VisualStudioVersion = 15.0.27004.2006
MinimumVisualStudioVersion = 10.0.40219.1
Project("{FAE04EC0-301F-11D3-BF4B-00C04F79EFBC}") = "Picaturi de apa 2", "Picaturi de apa 2\Picaturi de apa 2.csproj", "{5A19078A-7F42-4136-9D77-9F034C2A6E19}"
EndProject
Global
	GlobalSection(SolutionConfigurationPlatforms) = preSolution
		Debug|Any CPU = Debug|Any CPU
		Release|Any CPU = Release|Any CPU
	EndGlobalSection
	GlobalSection(ProjectConfigurationPlatforms) = postSolution
		{5A19078A-7F42-4136-9D77-9F034C2A6E19}.Debug|Any CPU.ActiveCfg = Debug|Any CPU
		{5A19078A-7F42-4136-9D77-9F034C2A6E19}.Debug|Any CPU.Build.0 = Debug|Any CPU
		{5A19078A-7F42-4136-9D77-9F034C2A6E19}.Release|Any CPU.ActiveCfg = Release|Any CPU
		{5A19078A-7F42-4136-9D77-9F034C2A6E19}.Release|Any CPU.Build.0 = Release|Any CPU
	EndGlobalSection
	GlobalSection(SolutionProperties) = preSolution
		HideSolutionNode = FALSE
	EndGlobalSection
	GlobalSection(ExtensibilityGlobals) = postSolution
		SolutionGuid = {E74FFE97-227C-41B6-9B63-140515EC8A50}
	EndGlobalSection
EndGlobal
