
Microsoft Visual Studio Solution File, Format Version 12.00
# Visual Studio 15
VisualStudioVersion = 15.0.28307.572
MinimumVisualStudioVersion = 10.0.40219.1
Project("{FAE04EC0-301F-11D3-BF4B-00C04F79EFBC}") = "Cerc", "Cerc\Cerc.csproj", "{9BA721D1-4F61-4754-853A-8A10FAE73A81}"
EndProject
Global
	GlobalSection(SolutionConfigurationPlatforms) = preSolution
		Debug|Any CPU = Debug|Any CPU
		Release|Any CPU = Release|Any CPU
	EndGlobalSection
	GlobalSection(ProjectConfigurationPlatforms) = postSolution
		{9BA721D1-4F61-4754-853A-8A10FAE73A81}.Debug|Any CPU.ActiveCfg = Debug|Any CPU
		{9BA721D1-4F61-4754-853A-8A10FAE73A81}.Debug|Any CPU.Build.0 = Debug|Any CPU
		{9BA721D1-4F61-4754-853A-8A10FAE73A81}.Release|Any CPU.ActiveCfg = Release|Any CPU
		{9BA721D1-4F61-4754-853A-8A10FAE73A81}.Release|Any CPU.Build.0 = Release|Any CPU
	EndGlobalSection
	GlobalSection(SolutionProperties) = preSolution
		HideSolutionNode = FALSE
	EndGlobalSection
	GlobalSection(ExtensibilityGlobals) = postSolution
		SolutionGuid = {8A66BD83-8B89-40C2-8FE9-27EA46940439}
	EndGlobalSection
EndGlobal
