
Microsoft Visual Studio Solution File, Format Version 12.00
# Visual Studio 15
VisualStudioVersion = 15.0.28307.572
MinimumVisualStudioVersion = 10.0.40219.1
Project("{FAE04EC0-301F-11D3-BF4B-00C04F79EFBC}") = "PolinomTaylor", "PolinomTaylor\PolinomTaylor.csproj", "{2A264F44-1E86-45C7-B2CE-DED3FDBF2B21}"
EndProject
Global
	GlobalSection(SolutionConfigurationPlatforms) = preSolution
		Debug|Any CPU = Debug|Any CPU
		Release|Any CPU = Release|Any CPU
	EndGlobalSection
	GlobalSection(ProjectConfigurationPlatforms) = postSolution
		{2A264F44-1E86-45C7-B2CE-DED3FDBF2B21}.Debug|Any CPU.ActiveCfg = Debug|Any CPU
		{2A264F44-1E86-45C7-B2CE-DED3FDBF2B21}.Debug|Any CPU.Build.0 = Debug|Any CPU
		{2A264F44-1E86-45C7-B2CE-DED3FDBF2B21}.Release|Any CPU.ActiveCfg = Release|Any CPU
		{2A264F44-1E86-45C7-B2CE-DED3FDBF2B21}.Release|Any CPU.Build.0 = Release|Any CPU
	EndGlobalSection
	GlobalSection(SolutionProperties) = preSolution
		HideSolutionNode = FALSE
	EndGlobalSection
	GlobalSection(ExtensibilityGlobals) = postSolution
		SolutionGuid = {C396B8BA-A4D6-43C4-8BA5-7C49D56FF71A}
	EndGlobalSection
EndGlobal
