
Microsoft Visual Studio Solution File, Format Version 12.00
# Visual Studio 15
VisualStudioVersion = 15.0.28307.572
MinimumVisualStudioVersion = 10.0.40219.1
Project("{FAE04EC0-301F-11D3-BF4B-00C04F79EFBC}") = "SistInferiorTriunghiulare", "SistInferiorTriunghiulare\SistInferiorTriunghiulare.csproj", "{4DDFA21F-C712-40A4-BDE6-6C9F81282AB6}"
EndProject
Global
	GlobalSection(SolutionConfigurationPlatforms) = preSolution
		Debug|Any CPU = Debug|Any CPU
		Release|Any CPU = Release|Any CPU
	EndGlobalSection
	GlobalSection(ProjectConfigurationPlatforms) = postSolution
		{4DDFA21F-C712-40A4-BDE6-6C9F81282AB6}.Debug|Any CPU.ActiveCfg = Debug|Any CPU
		{4DDFA21F-C712-40A4-BDE6-6C9F81282AB6}.Debug|Any CPU.Build.0 = Debug|Any CPU
		{4DDFA21F-C712-40A4-BDE6-6C9F81282AB6}.Release|Any CPU.ActiveCfg = Release|Any CPU
		{4DDFA21F-C712-40A4-BDE6-6C9F81282AB6}.Release|Any CPU.Build.0 = Release|Any CPU
	EndGlobalSection
	GlobalSection(SolutionProperties) = preSolution
		HideSolutionNode = FALSE
	EndGlobalSection
	GlobalSection(ExtensibilityGlobals) = postSolution
		SolutionGuid = {CD2E3674-D36C-4BA4-8371-0EC0B67779DD}
	EndGlobalSection
EndGlobal
