
Microsoft Visual Studio Solution File, Format Version 12.00
# Visual Studio 15
VisualStudioVersion = 15.0.28307.168
MinimumVisualStudioVersion = 10.0.40219.1
Project("{FAE04EC0-301F-11D3-BF4B-00C04F79EFBC}") = "Problema cireselor", "Problema cireselor\Problema cireselor.csproj", "{147C8B3F-1BB9-4A3D-A433-488BCDC95EA2}"
EndProject
Global
	GlobalSection(SolutionConfigurationPlatforms) = preSolution
		Debug|Any CPU = Debug|Any CPU
		Release|Any CPU = Release|Any CPU
	EndGlobalSection
	GlobalSection(ProjectConfigurationPlatforms) = postSolution
		{147C8B3F-1BB9-4A3D-A433-488BCDC95EA2}.Debug|Any CPU.ActiveCfg = Debug|Any CPU
		{147C8B3F-1BB9-4A3D-A433-488BCDC95EA2}.Debug|Any CPU.Build.0 = Debug|Any CPU
		{147C8B3F-1BB9-4A3D-A433-488BCDC95EA2}.Release|Any CPU.ActiveCfg = Release|Any CPU
		{147C8B3F-1BB9-4A3D-A433-488BCDC95EA2}.Release|Any CPU.Build.0 = Release|Any CPU
	EndGlobalSection
	GlobalSection(SolutionProperties) = preSolution
		HideSolutionNode = FALSE
	EndGlobalSection
	GlobalSection(ExtensibilityGlobals) = postSolution
		SolutionGuid = {83E3BE6D-E610-42A7-B55D-3D38FE50A110}
	EndGlobalSection
EndGlobal
