
Microsoft Visual Studio Solution File, Format Version 12.00
# Visual Studio 15
VisualStudioVersion = 15.0.27004.2006
MinimumVisualStudioVersion = 10.0.40219.1
Project("{FAE04EC0-301F-11D3-BF4B-00C04F79EFBC}") = "Rotire in plan", "Rotire in plan\Rotire in plan.csproj", "{3CAF8A7F-44A0-4E0D-A044-37976A3D5A80}"
EndProject
Global
	GlobalSection(SolutionConfigurationPlatforms) = preSolution
		Debug|Any CPU = Debug|Any CPU
		Release|Any CPU = Release|Any CPU
	EndGlobalSection
	GlobalSection(ProjectConfigurationPlatforms) = postSolution
		{3CAF8A7F-44A0-4E0D-A044-37976A3D5A80}.Debug|Any CPU.ActiveCfg = Debug|Any CPU
		{3CAF8A7F-44A0-4E0D-A044-37976A3D5A80}.Debug|Any CPU.Build.0 = Debug|Any CPU
		{3CAF8A7F-44A0-4E0D-A044-37976A3D5A80}.Release|Any CPU.ActiveCfg = Release|Any CPU
		{3CAF8A7F-44A0-4E0D-A044-37976A3D5A80}.Release|Any CPU.Build.0 = Release|Any CPU
	EndGlobalSection
	GlobalSection(SolutionProperties) = preSolution
		HideSolutionNode = FALSE
	EndGlobalSection
	GlobalSection(ExtensibilityGlobals) = postSolution
		SolutionGuid = {0A613814-F71D-4F25-BB1B-6C6B0E63F5C9}
	EndGlobalSection
EndGlobal
