
Microsoft Visual Studio Solution File, Format Version 12.00
# Visual Studio 15
VisualStudioVersion = 15.0.27004.2006
MinimumVisualStudioVersion = 10.0.40219.1
Project("{FAE04EC0-301F-11D3-BF4B-00C04F79EFBC}") = "Interfate", "Interfate\Interfate.csproj", "{AF24BA5D-1D49-4478-8F71-24BE0E618ADC}"
EndProject
Global
	GlobalSection(SolutionConfigurationPlatforms) = preSolution
		Debug|Any CPU = Debug|Any CPU
		Release|Any CPU = Release|Any CPU
	EndGlobalSection
	GlobalSection(ProjectConfigurationPlatforms) = postSolution
		{AF24BA5D-1D49-4478-8F71-24BE0E618ADC}.Debug|Any CPU.ActiveCfg = Debug|Any CPU
		{AF24BA5D-1D49-4478-8F71-24BE0E618ADC}.Debug|Any CPU.Build.0 = Debug|Any CPU
		{AF24BA5D-1D49-4478-8F71-24BE0E618ADC}.Release|Any CPU.ActiveCfg = Release|Any CPU
		{AF24BA5D-1D49-4478-8F71-24BE0E618ADC}.Release|Any CPU.Build.0 = Release|Any CPU
	EndGlobalSection
	GlobalSection(SolutionProperties) = preSolution
		HideSolutionNode = FALSE
	EndGlobalSection
	GlobalSection(ExtensibilityGlobals) = postSolution
		SolutionGuid = {F5469657-E4E7-4938-A284-8FB2B3D89AEE}
	EndGlobalSection
EndGlobal
