
Microsoft Visual Studio Solution File, Format Version 12.00
# Visual Studio Version 16
VisualStudioVersion = 16.0.28729.10
MinimumVisualStudioVersion = 10.0.40219.1
Project("{FAE04EC0-301F-11D3-BF4B-00C04F79EFBC}") = "Drone", "Drone\Drone.csproj", "{AAEA1949-EE3E-46E3-9D12-BC06ECD9625E}"
EndProject
Global
	GlobalSection(SolutionConfigurationPlatforms) = preSolution
		Debug|Any CPU = Debug|Any CPU
		Release|Any CPU = Release|Any CPU
	EndGlobalSection
	GlobalSection(ProjectConfigurationPlatforms) = postSolution
		{AAEA1949-EE3E-46E3-9D12-BC06ECD9625E}.Debug|Any CPU.ActiveCfg = Debug|Any CPU
		{AAEA1949-EE3E-46E3-9D12-BC06ECD9625E}.Debug|Any CPU.Build.0 = Debug|Any CPU
		{AAEA1949-EE3E-46E3-9D12-BC06ECD9625E}.Release|Any CPU.ActiveCfg = Release|Any CPU
		{AAEA1949-EE3E-46E3-9D12-BC06ECD9625E}.Release|Any CPU.Build.0 = Release|Any CPU
	EndGlobalSection
	GlobalSection(SolutionProperties) = preSolution
		HideSolutionNode = FALSE
	EndGlobalSection
	GlobalSection(ExtensibilityGlobals) = postSolution
		SolutionGuid = {78D12377-764D-4BF3-B6F9-4FCDD53D9408}
	EndGlobalSection
EndGlobal
