
Microsoft Visual Studio Solution File, Format Version 12.00
# Visual Studio 15
VisualStudioVersion = 15.0.28307.168
MinimumVisualStudioVersion = 10.0.40219.1
Project("{FAE04EC0-301F-11D3-BF4B-00C04F79EFBC}") = "Oras", "Oras\Oras.csproj", "{89745DBB-0587-4093-A3EF-1763B805E64D}"
EndProject
Global
	GlobalSection(SolutionConfigurationPlatforms) = preSolution
		Debug|Any CPU = Debug|Any CPU
		Release|Any CPU = Release|Any CPU
	EndGlobalSection
	GlobalSection(ProjectConfigurationPlatforms) = postSolution
		{89745DBB-0587-4093-A3EF-1763B805E64D}.Debug|Any CPU.ActiveCfg = Debug|Any CPU
		{89745DBB-0587-4093-A3EF-1763B805E64D}.Debug|Any CPU.Build.0 = Debug|Any CPU
		{89745DBB-0587-4093-A3EF-1763B805E64D}.Release|Any CPU.ActiveCfg = Release|Any CPU
		{89745DBB-0587-4093-A3EF-1763B805E64D}.Release|Any CPU.Build.0 = Release|Any CPU
	EndGlobalSection
	GlobalSection(SolutionProperties) = preSolution
		HideSolutionNode = FALSE
	EndGlobalSection
	GlobalSection(ExtensibilityGlobals) = postSolution
		SolutionGuid = {4AAF0081-C94A-4631-B745-685DA661C76A}
	EndGlobalSection
EndGlobal
