
Microsoft Visual Studio Solution File, Format Version 12.00
# Visual Studio 15
VisualStudioVersion = 15.0.27004.2006
MinimumVisualStudioVersion = 10.0.40219.1
Project("{FAE04EC0-301F-11D3-BF4B-00C04F79EFBC}") = "Platouri Matrice", "Platouri Matrice\Platouri Matrice.csproj", "{7D23A900-A33E-47C1-8A8C-6102D3C136C1}"
EndProject
Global
	GlobalSection(SolutionConfigurationPlatforms) = preSolution
		Debug|Any CPU = Debug|Any CPU
		Release|Any CPU = Release|Any CPU
	EndGlobalSection
	GlobalSection(ProjectConfigurationPlatforms) = postSolution
		{7D23A900-A33E-47C1-8A8C-6102D3C136C1}.Debug|Any CPU.ActiveCfg = Debug|Any CPU
		{7D23A900-A33E-47C1-8A8C-6102D3C136C1}.Debug|Any CPU.Build.0 = Debug|Any CPU
		{7D23A900-A33E-47C1-8A8C-6102D3C136C1}.Release|Any CPU.ActiveCfg = Release|Any CPU
		{7D23A900-A33E-47C1-8A8C-6102D3C136C1}.Release|Any CPU.Build.0 = Release|Any CPU
	EndGlobalSection
	GlobalSection(SolutionProperties) = preSolution
		HideSolutionNode = FALSE
	EndGlobalSection
	GlobalSection(ExtensibilityGlobals) = postSolution
		SolutionGuid = {01C075EC-0BE4-4029-80A8-AD7C9B4A5F46}
	EndGlobalSection
EndGlobal
