
Microsoft Visual Studio Solution File, Format Version 12.00
# Visual Studio 15
VisualStudioVersion = 15.0.28307.572
MinimumVisualStudioVersion = 10.0.40219.1
Project("{FAE04EC0-301F-11D3-BF4B-00C04F79EFBC}") = "AlgoritmIacobi", "AlgoritmIacobi\AlgoritmIacobi.csproj", "{F345458B-7389-4D9D-94EF-A53D54D7D53E}"
EndProject
Global
	GlobalSection(SolutionConfigurationPlatforms) = preSolution
		Debug|Any CPU = Debug|Any CPU
		Release|Any CPU = Release|Any CPU
	EndGlobalSection
	GlobalSection(ProjectConfigurationPlatforms) = postSolution
		{F345458B-7389-4D9D-94EF-A53D54D7D53E}.Debug|Any CPU.ActiveCfg = Debug|Any CPU
		{F345458B-7389-4D9D-94EF-A53D54D7D53E}.Debug|Any CPU.Build.0 = Debug|Any CPU
		{F345458B-7389-4D9D-94EF-A53D54D7D53E}.Release|Any CPU.ActiveCfg = Release|Any CPU
		{F345458B-7389-4D9D-94EF-A53D54D7D53E}.Release|Any CPU.Build.0 = Release|Any CPU
	EndGlobalSection
	GlobalSection(SolutionProperties) = preSolution
		HideSolutionNode = FALSE
	EndGlobalSection
	GlobalSection(ExtensibilityGlobals) = postSolution
		SolutionGuid = {DE85A617-0C76-404A-99A8-24E3BBD76B81}
	EndGlobalSection
EndGlobal
