
Microsoft Visual Studio Solution File, Format Version 12.00
# Visual Studio 15
VisualStudioVersion = 15.0.27004.2006
MinimumVisualStudioVersion = 10.0.40219.1
Project("{FAE04EC0-301F-11D3-BF4B-00C04F79EFBC}") = "Platouri", "Platouri\Platouri.csproj", "{D10ABBC5-CDB2-4357-9CC1-EE5828BFB887}"
EndProject
Global
	GlobalSection(SolutionConfigurationPlatforms) = preSolution
		Debug|Any CPU = Debug|Any CPU
		Release|Any CPU = Release|Any CPU
	EndGlobalSection
	GlobalSection(ProjectConfigurationPlatforms) = postSolution
		{D10ABBC5-CDB2-4357-9CC1-EE5828BFB887}.Debug|Any CPU.ActiveCfg = Debug|Any CPU
		{D10ABBC5-CDB2-4357-9CC1-EE5828BFB887}.Debug|Any CPU.Build.0 = Debug|Any CPU
		{D10ABBC5-CDB2-4357-9CC1-EE5828BFB887}.Release|Any CPU.ActiveCfg = Release|Any CPU
		{D10ABBC5-CDB2-4357-9CC1-EE5828BFB887}.Release|Any CPU.Build.0 = Release|Any CPU
	EndGlobalSection
	GlobalSection(SolutionProperties) = preSolution
		HideSolutionNode = FALSE
	EndGlobalSection
	GlobalSection(ExtensibilityGlobals) = postSolution
		SolutionGuid = {A106E244-4A96-4DCD-BFB7-52279E7DB784}
	EndGlobalSection
EndGlobal
