
Microsoft Visual Studio Solution File, Format Version 12.00
# Visual Studio 15
VisualStudioVersion = 15.0.28307.960
MinimumVisualStudioVersion = 10.0.40219.1
Project("{FAE04EC0-301F-11D3-BF4B-00C04F79EFBC}") = "NSEV", "NSEV\NSEV.csproj", "{46BE0E0A-BCB9-47FC-A74F-FF33BA737B1B}"
EndProject
Global
	GlobalSection(SolutionConfigurationPlatforms) = preSolution
		Debug|Any CPU = Debug|Any CPU
		Release|Any CPU = Release|Any CPU
	EndGlobalSection
	GlobalSection(ProjectConfigurationPlatforms) = postSolution
		{46BE0E0A-BCB9-47FC-A74F-FF33BA737B1B}.Debug|Any CPU.ActiveCfg = Debug|Any CPU
		{46BE0E0A-BCB9-47FC-A74F-FF33BA737B1B}.Debug|Any CPU.Build.0 = Debug|Any CPU
		{46BE0E0A-BCB9-47FC-A74F-FF33BA737B1B}.Release|Any CPU.ActiveCfg = Release|Any CPU
		{46BE0E0A-BCB9-47FC-A74F-FF33BA737B1B}.Release|Any CPU.Build.0 = Release|Any CPU
	EndGlobalSection
	GlobalSection(SolutionProperties) = preSolution
		HideSolutionNode = FALSE
	EndGlobalSection
	GlobalSection(ExtensibilityGlobals) = postSolution
		SolutionGuid = {62E64EDD-3FBB-4A0F-95AB-D3E6490E2230}
	EndGlobalSection
EndGlobal
