
Microsoft Visual Studio Solution File, Format Version 12.00
# Visual Studio 15
VisualStudioVersion = 15.0.27004.2006
MinimumVisualStudioVersion = 10.0.40219.1
Project("{FAE04EC0-301F-11D3-BF4B-00C04F79EFBC}") = "Galerii de arta", "Galerii de arta\Galerii de arta.csproj", "{8595ECF8-5210-4B9C-A0D2-979936DB7D7E}"
EndProject
Global
	GlobalSection(SolutionConfigurationPlatforms) = preSolution
		Debug|Any CPU = Debug|Any CPU
		Release|Any CPU = Release|Any CPU
	EndGlobalSection
	GlobalSection(ProjectConfigurationPlatforms) = postSolution
		{8595ECF8-5210-4B9C-A0D2-979936DB7D7E}.Debug|Any CPU.ActiveCfg = Debug|Any CPU
		{8595ECF8-5210-4B9C-A0D2-979936DB7D7E}.Debug|Any CPU.Build.0 = Debug|Any CPU
		{8595ECF8-5210-4B9C-A0D2-979936DB7D7E}.Release|Any CPU.ActiveCfg = Release|Any CPU
		{8595ECF8-5210-4B9C-A0D2-979936DB7D7E}.Release|Any CPU.Build.0 = Release|Any CPU
	EndGlobalSection
	GlobalSection(SolutionProperties) = preSolution
		HideSolutionNode = FALSE
	EndGlobalSection
	GlobalSection(ExtensibilityGlobals) = postSolution
		SolutionGuid = {79FB2BD9-A5FA-4A05-AF18-2419DB932356}
	EndGlobalSection
EndGlobal
