
Microsoft Visual Studio Solution File, Format Version 12.00
# Visual Studio 15
VisualStudioVersion = 15.0.28307.572
MinimumVisualStudioVersion = 10.0.40219.1
Project("{FAE04EC0-301F-11D3-BF4B-00C04F79EFBC}") = "NeuralNetwork", "NeuralNetwork\NeuralNetwork.csproj", "{5C12A46A-259C-435C-96D3-33824DF90A4F}"
EndProject
Global
	GlobalSection(SolutionConfigurationPlatforms) = preSolution
		Debug|Any CPU = Debug|Any CPU
		Release|Any CPU = Release|Any CPU
	EndGlobalSection
	GlobalSection(ProjectConfigurationPlatforms) = postSolution
		{5C12A46A-259C-435C-96D3-33824DF90A4F}.Debug|Any CPU.ActiveCfg = Debug|Any CPU
		{5C12A46A-259C-435C-96D3-33824DF90A4F}.Debug|Any CPU.Build.0 = Debug|Any CPU
		{5C12A46A-259C-435C-96D3-33824DF90A4F}.Release|Any CPU.ActiveCfg = Release|Any CPU
		{5C12A46A-259C-435C-96D3-33824DF90A4F}.Release|Any CPU.Build.0 = Release|Any CPU
	EndGlobalSection
	GlobalSection(SolutionProperties) = preSolution
		HideSolutionNode = FALSE
	EndGlobalSection
	GlobalSection(ExtensibilityGlobals) = postSolution
		SolutionGuid = {E008046B-D1BE-4471-B1FB-A8C847646A54}
	EndGlobalSection
EndGlobal
