
Microsoft Visual Studio Solution File, Format Version 12.00
# Visual Studio 15
VisualStudioVersion = 15.0.27004.2006
MinimumVisualStudioVersion = 10.0.40219.1
Project("{FAE04EC0-301F-11D3-BF4B-00C04F79EFBC}") = "Galerii2", "Galerii2\Galerii2.csproj", "{2676F4C2-EE02-4B43-84B7-924A8C58440D}"
EndProject
Global
	GlobalSection(SolutionConfigurationPlatforms) = preSolution
		Debug|Any CPU = Debug|Any CPU
		Release|Any CPU = Release|Any CPU
	EndGlobalSection
	GlobalSection(ProjectConfigurationPlatforms) = postSolution
		{2676F4C2-EE02-4B43-84B7-924A8C58440D}.Debug|Any CPU.ActiveCfg = Debug|Any CPU
		{2676F4C2-EE02-4B43-84B7-924A8C58440D}.Debug|Any CPU.Build.0 = Debug|Any CPU
		{2676F4C2-EE02-4B43-84B7-924A8C58440D}.Release|Any CPU.ActiveCfg = Release|Any CPU
		{2676F4C2-EE02-4B43-84B7-924A8C58440D}.Release|Any CPU.Build.0 = Release|Any CPU
	EndGlobalSection
	GlobalSection(SolutionProperties) = preSolution
		HideSolutionNode = FALSE
	EndGlobalSection
	GlobalSection(ExtensibilityGlobals) = postSolution
		SolutionGuid = {1B7E5D63-BBF3-466C-926F-23DAFB2F52DF}
	EndGlobalSection
EndGlobal
