
Microsoft Visual Studio Solution File, Format Version 12.00
# Visual Studio Version 16
VisualStudioVersion = 16.0.29613.14
MinimumVisualStudioVersion = 10.0.40219.1
Project("{FAE04EC0-301F-11D3-BF4B-00C04F79EFBC}") = "LicentaDemo", "LicentaDemo\LicentaDemo.csproj", "{2901B407-DC8F-4C86-8378-73A1D7C28774}"
EndProject
Global
	GlobalSection(SolutionConfigurationPlatforms) = preSolution
		Debug|Any CPU = Debug|Any CPU
		Release|Any CPU = Release|Any CPU
	EndGlobalSection
	GlobalSection(ProjectConfigurationPlatforms) = postSolution
		{2901B407-DC8F-4C86-8378-73A1D7C28774}.Debug|Any CPU.ActiveCfg = Debug|Any CPU
		{2901B407-DC8F-4C86-8378-73A1D7C28774}.Debug|Any CPU.Build.0 = Debug|Any CPU
		{2901B407-DC8F-4C86-8378-73A1D7C28774}.Release|Any CPU.ActiveCfg = Release|Any CPU
		{2901B407-DC8F-4C86-8378-73A1D7C28774}.Release|Any CPU.Build.0 = Release|Any CPU
	EndGlobalSection
	GlobalSection(SolutionProperties) = preSolution
		HideSolutionNode = FALSE
	EndGlobalSection
	GlobalSection(ExtensibilityGlobals) = postSolution
		SolutionGuid = {A1D1A0B9-9B46-420B-A190-4C1F4C4648EE}
	EndGlobalSection
EndGlobal
