
Microsoft Visual Studio Solution File, Format Version 12.00
# Visual Studio 15
VisualStudioVersion = 15.0.28307.960
MinimumVisualStudioVersion = 10.0.40219.1
Project("{FAE04EC0-301F-11D3-BF4B-00C04F79EFBC}") = "MatriciParalel", "MatriciParalel\MatriciParalel.csproj", "{C7FE7454-BF9E-4E2B-92B9-6E5EBF2D8AFF}"
EndProject
Global
	GlobalSection(SolutionConfigurationPlatforms) = preSolution
		Debug|Any CPU = Debug|Any CPU
		Release|Any CPU = Release|Any CPU
	EndGlobalSection
	GlobalSection(ProjectConfigurationPlatforms) = postSolution
		{C7FE7454-BF9E-4E2B-92B9-6E5EBF2D8AFF}.Debug|Any CPU.ActiveCfg = Debug|Any CPU
		{C7FE7454-BF9E-4E2B-92B9-6E5EBF2D8AFF}.Debug|Any CPU.Build.0 = Debug|Any CPU
		{C7FE7454-BF9E-4E2B-92B9-6E5EBF2D8AFF}.Release|Any CPU.ActiveCfg = Release|Any CPU
		{C7FE7454-BF9E-4E2B-92B9-6E5EBF2D8AFF}.Release|Any CPU.Build.0 = Release|Any CPU
	EndGlobalSection
	GlobalSection(SolutionProperties) = preSolution
		HideSolutionNode = FALSE
	EndGlobalSection
	GlobalSection(ExtensibilityGlobals) = postSolution
		SolutionGuid = {3F71A778-6917-4C64-8FD0-D0C26202BD1C}
	EndGlobalSection
EndGlobal
