
Microsoft Visual Studio Solution File, Format Version 12.00
# Visual Studio 15
VisualStudioVersion = 15.0.27004.2006
MinimumVisualStudioVersion = 10.0.40219.1
Project("{FAE04EC0-301F-11D3-BF4B-00C04F79EFBC}") = "Persoana1", "Persoana1\Persoana1.csproj", "{5D63F5BE-61FC-4D10-ADD4-EAAC8C74BFD0}"
EndProject
Global
	GlobalSection(SolutionConfigurationPlatforms) = preSolution
		Debug|Any CPU = Debug|Any CPU
		Release|Any CPU = Release|Any CPU
	EndGlobalSection
	GlobalSection(ProjectConfigurationPlatforms) = postSolution
		{5D63F5BE-61FC-4D10-ADD4-EAAC8C74BFD0}.Debug|Any CPU.ActiveCfg = Debug|Any CPU
		{5D63F5BE-61FC-4D10-ADD4-EAAC8C74BFD0}.Debug|Any CPU.Build.0 = Debug|Any CPU
		{5D63F5BE-61FC-4D10-ADD4-EAAC8C74BFD0}.Release|Any CPU.ActiveCfg = Release|Any CPU
		{5D63F5BE-61FC-4D10-ADD4-EAAC8C74BFD0}.Release|Any CPU.Build.0 = Release|Any CPU
	EndGlobalSection
	GlobalSection(SolutionProperties) = preSolution
		HideSolutionNode = FALSE
	EndGlobalSection
	GlobalSection(ExtensibilityGlobals) = postSolution
		SolutionGuid = {3285CC66-34F3-4967-900E-0EE62C6FE84A}
	EndGlobalSection
EndGlobal
