
Microsoft Visual Studio Solution File, Format Version 12.00
# Visual Studio 15
VisualStudioVersion = 15.0.28307.572
MinimumVisualStudioVersion = 10.0.40219.1
Project("{FAE04EC0-301F-11D3-BF4B-00C04F79EFBC}") = "RegresieLiniara", "RegresieLiniara\RegresieLiniara.csproj", "{83985C43-F396-44A0-A587-827DB23D1A52}"
EndProject
Global
	GlobalSection(SolutionConfigurationPlatforms) = preSolution
		Debug|Any CPU = Debug|Any CPU
		Release|Any CPU = Release|Any CPU
	EndGlobalSection
	GlobalSection(ProjectConfigurationPlatforms) = postSolution
		{83985C43-F396-44A0-A587-827DB23D1A52}.Debug|Any CPU.ActiveCfg = Debug|Any CPU
		{83985C43-F396-44A0-A587-827DB23D1A52}.Debug|Any CPU.Build.0 = Debug|Any CPU
		{83985C43-F396-44A0-A587-827DB23D1A52}.Release|Any CPU.ActiveCfg = Release|Any CPU
		{83985C43-F396-44A0-A587-827DB23D1A52}.Release|Any CPU.Build.0 = Release|Any CPU
	EndGlobalSection
	GlobalSection(SolutionProperties) = preSolution
		HideSolutionNode = FALSE
	EndGlobalSection
	GlobalSection(ExtensibilityGlobals) = postSolution
		SolutionGuid = {D3A589D3-A525-4847-82AA-5DDE3244EB27}
	EndGlobalSection
EndGlobal
