
Microsoft Visual Studio Solution File, Format Version 12.00
# Visual Studio 15
VisualStudioVersion = 15.0.28307.572
MinimumVisualStudioVersion = 10.0.40219.1
Project("{FAE04EC0-301F-11D3-BF4B-00C04F79EFBC}") = "AproxSuccesiveNeliniar", "AproxSuccesiveNeliniar\AproxSuccesiveNeliniar.csproj", "{FE5AA518-DCCC-4F0A-89EE-EB917219CA45}"
EndProject
Global
	GlobalSection(SolutionConfigurationPlatforms) = preSolution
		Debug|Any CPU = Debug|Any CPU
		Release|Any CPU = Release|Any CPU
	EndGlobalSection
	GlobalSection(ProjectConfigurationPlatforms) = postSolution
		{FE5AA518-DCCC-4F0A-89EE-EB917219CA45}.Debug|Any CPU.ActiveCfg = Debug|Any CPU
		{FE5AA518-DCCC-4F0A-89EE-EB917219CA45}.Debug|Any CPU.Build.0 = Debug|Any CPU
		{FE5AA518-DCCC-4F0A-89EE-EB917219CA45}.Release|Any CPU.ActiveCfg = Release|Any CPU
		{FE5AA518-DCCC-4F0A-89EE-EB917219CA45}.Release|Any CPU.Build.0 = Release|Any CPU
	EndGlobalSection
	GlobalSection(SolutionProperties) = preSolution
		HideSolutionNode = FALSE
	EndGlobalSection
	GlobalSection(ExtensibilityGlobals) = postSolution
		SolutionGuid = {7D53EC9F-289B-4E57-8025-FD90BD98274E}
	EndGlobalSection
EndGlobal
