
Microsoft Visual Studio Solution File, Format Version 12.00
# Visual Studio 15
VisualStudioVersion = 15.0.27004.2006
MinimumVisualStudioVersion = 10.0.40219.1
Project("{FAE04EC0-301F-11D3-BF4B-00C04F79EFBC}") = "Algoritmul Naiv", "Algoritmul Naiv\Algoritmul Naiv.csproj", "{9671BB16-3AF0-4E4E-9F9A-A4B3CF1FEFF3}"
EndProject
Global
	GlobalSection(SolutionConfigurationPlatforms) = preSolution
		Debug|Any CPU = Debug|Any CPU
		Release|Any CPU = Release|Any CPU
	EndGlobalSection
	GlobalSection(ProjectConfigurationPlatforms) = postSolution
		{9671BB16-3AF0-4E4E-9F9A-A4B3CF1FEFF3}.Debug|Any CPU.ActiveCfg = Debug|Any CPU
		{9671BB16-3AF0-4E4E-9F9A-A4B3CF1FEFF3}.Debug|Any CPU.Build.0 = Debug|Any CPU
		{9671BB16-3AF0-4E4E-9F9A-A4B3CF1FEFF3}.Release|Any CPU.ActiveCfg = Release|Any CPU
		{9671BB16-3AF0-4E4E-9F9A-A4B3CF1FEFF3}.Release|Any CPU.Build.0 = Release|Any CPU
	EndGlobalSection
	GlobalSection(SolutionProperties) = preSolution
		HideSolutionNode = FALSE
	EndGlobalSection
	GlobalSection(ExtensibilityGlobals) = postSolution
		SolutionGuid = {5F943087-CBD3-433D-A838-A707737EFFEE}
	EndGlobalSection
EndGlobal
