
Microsoft Visual Studio Solution File, Format Version 12.00
# Visual Studio 15
VisualStudioVersion = 15.0.27004.2006
MinimumVisualStudioVersion = 10.0.40219.1
Project("{FAE04EC0-301F-11D3-BF4B-00C04F79EFBC}") = "Portofoliu", "Portofoliu\Portofoliu.csproj", "{98BCF5EF-3412-4457-BA61-6948BD00DB09}"
EndProject
Global
	GlobalSection(SolutionConfigurationPlatforms) = preSolution
		Debug|Any CPU = Debug|Any CPU
		Release|Any CPU = Release|Any CPU
	EndGlobalSection
	GlobalSection(ProjectConfigurationPlatforms) = postSolution
		{98BCF5EF-3412-4457-BA61-6948BD00DB09}.Debug|Any CPU.ActiveCfg = Debug|Any CPU
		{98BCF5EF-3412-4457-BA61-6948BD00DB09}.Debug|Any CPU.Build.0 = Debug|Any CPU
		{98BCF5EF-3412-4457-BA61-6948BD00DB09}.Release|Any CPU.ActiveCfg = Release|Any CPU
		{98BCF5EF-3412-4457-BA61-6948BD00DB09}.Release|Any CPU.Build.0 = Release|Any CPU
	EndGlobalSection
	GlobalSection(SolutionProperties) = preSolution
		HideSolutionNode = FALSE
	EndGlobalSection
	GlobalSection(ExtensibilityGlobals) = postSolution
		SolutionGuid = {D3EDE93E-0278-421A-91DC-28FA5A325169}
	EndGlobalSection
EndGlobal
