
Microsoft Visual Studio Solution File, Format Version 12.00
# Visual Studio 15
VisualStudioVersion = 15.0.28307.960
MinimumVisualStudioVersion = 10.0.40219.1
Project("{FAE04EC0-301F-11D3-BF4B-00C04F79EFBC}") = "ReprGraficaMultFuzzySiOperatii", "ReprGraficaMultFuzzySiOperatii\ReprGraficaMultFuzzySiOperatii.csproj", "{4E6E83A6-26B2-4CAC-B7BD-F50E52CAD3BF}"
EndProject
Global
	GlobalSection(SolutionConfigurationPlatforms) = preSolution
		Debug|Any CPU = Debug|Any CPU
		Release|Any CPU = Release|Any CPU
	EndGlobalSection
	GlobalSection(ProjectConfigurationPlatforms) = postSolution
		{4E6E83A6-26B2-4CAC-B7BD-F50E52CAD3BF}.Debug|Any CPU.ActiveCfg = Debug|Any CPU
		{4E6E83A6-26B2-4CAC-B7BD-F50E52CAD3BF}.Debug|Any CPU.Build.0 = Debug|Any CPU
		{4E6E83A6-26B2-4CAC-B7BD-F50E52CAD3BF}.Release|Any CPU.ActiveCfg = Release|Any CPU
		{4E6E83A6-26B2-4CAC-B7BD-F50E52CAD3BF}.Release|Any CPU.Build.0 = Release|Any CPU
	EndGlobalSection
	GlobalSection(SolutionProperties) = preSolution
		HideSolutionNode = FALSE
	EndGlobalSection
	GlobalSection(ExtensibilityGlobals) = postSolution
		SolutionGuid = {33A6CC79-590E-40C2-A33E-0E78D5D6738D}
	EndGlobalSection
EndGlobal
