
Microsoft Visual Studio Solution File, Format Version 12.00
# Visual Studio 15
VisualStudioVersion = 15.0.28307.572
MinimumVisualStudioVersion = 10.0.40219.1
Project("{FAE04EC0-301F-11D3-BF4B-00C04F79EFBC}") = "PolinoameBernstein", "PolinoameBernstein\PolinoameBernstein.csproj", "{624E616A-F9F6-4FF0-9F45-4FA78C52F609}"
EndProject
Global
	GlobalSection(SolutionConfigurationPlatforms) = preSolution
		Debug|Any CPU = Debug|Any CPU
		Release|Any CPU = Release|Any CPU
	EndGlobalSection
	GlobalSection(ProjectConfigurationPlatforms) = postSolution
		{624E616A-F9F6-4FF0-9F45-4FA78C52F609}.Debug|Any CPU.ActiveCfg = Debug|Any CPU
		{624E616A-F9F6-4FF0-9F45-4FA78C52F609}.Debug|Any CPU.Build.0 = Debug|Any CPU
		{624E616A-F9F6-4FF0-9F45-4FA78C52F609}.Release|Any CPU.ActiveCfg = Release|Any CPU
		{624E616A-F9F6-4FF0-9F45-4FA78C52F609}.Release|Any CPU.Build.0 = Release|Any CPU
	EndGlobalSection
	GlobalSection(SolutionProperties) = preSolution
		HideSolutionNode = FALSE
	EndGlobalSection
	GlobalSection(ExtensibilityGlobals) = postSolution
		SolutionGuid = {EA0B66B8-315F-4567-9C3F-8D62CBE2A856}
	EndGlobalSection
EndGlobal
