
Microsoft Visual Studio Solution File, Format Version 12.00
# Visual Studio 15
VisualStudioVersion = 15.0.28307.960
MinimumVisualStudioVersion = 10.0.40219.1
Project("{FAE04EC0-301F-11D3-BF4B-00C04F79EFBC}") = "Backtracking", "Backtracking\Backtracking.csproj", "{D19213E7-4899-48AD-A5D0-2F282897A8F6}"
EndProject
Global
	GlobalSection(SolutionConfigurationPlatforms) = preSolution
		Debug|Any CPU = Debug|Any CPU
		Release|Any CPU = Release|Any CPU
	EndGlobalSection
	GlobalSection(ProjectConfigurationPlatforms) = postSolution
		{D19213E7-4899-48AD-A5D0-2F282897A8F6}.Debug|Any CPU.ActiveCfg = Debug|Any CPU
		{D19213E7-4899-48AD-A5D0-2F282897A8F6}.Debug|Any CPU.Build.0 = Debug|Any CPU
		{D19213E7-4899-48AD-A5D0-2F282897A8F6}.Release|Any CPU.ActiveCfg = Release|Any CPU
		{D19213E7-4899-48AD-A5D0-2F282897A8F6}.Release|Any CPU.Build.0 = Release|Any CPU
	EndGlobalSection
	GlobalSection(SolutionProperties) = preSolution
		HideSolutionNode = FALSE
	EndGlobalSection
	GlobalSection(ExtensibilityGlobals) = postSolution
		SolutionGuid = {4318CE6B-45BB-47A8-B31A-3B1543B43F69}
	EndGlobalSection
EndGlobal
