
Microsoft Visual Studio Solution File, Format Version 12.00
# Visual Studio 15
VisualStudioVersion = 15.0.27004.2006
MinimumVisualStudioVersion = 10.0.40219.1
Project("{FAE04EC0-301F-11D3-BF4B-00C04F79EFBC}") = "Minesweeper", "Minesweeper\Minesweeper.csproj", "{6FB07D1A-EF4C-45C3-9445-C35240555862}"
EndProject
Global
	GlobalSection(SolutionConfigurationPlatforms) = preSolution
		Debug|Any CPU = Debug|Any CPU
		Release|Any CPU = Release|Any CPU
	EndGlobalSection
	GlobalSection(ProjectConfigurationPlatforms) = postSolution
		{6FB07D1A-EF4C-45C3-9445-C35240555862}.Debug|Any CPU.ActiveCfg = Debug|Any CPU
		{6FB07D1A-EF4C-45C3-9445-C35240555862}.Debug|Any CPU.Build.0 = Debug|Any CPU
		{6FB07D1A-EF4C-45C3-9445-C35240555862}.Release|Any CPU.ActiveCfg = Release|Any CPU
		{6FB07D1A-EF4C-45C3-9445-C35240555862}.Release|Any CPU.Build.0 = Release|Any CPU
	EndGlobalSection
	GlobalSection(SolutionProperties) = preSolution
		HideSolutionNode = FALSE
	EndGlobalSection
	GlobalSection(ExtensibilityGlobals) = postSolution
		SolutionGuid = {E1B26B28-17D2-4511-A08D-A341F7FDDC8B}
	EndGlobalSection
EndGlobal
