
Microsoft Visual Studio Solution File, Format Version 12.00
# Visual Studio 15
VisualStudioVersion = 15.0.28307.572
MinimumVisualStudioVersion = 10.0.40219.1
Project("{FAE04EC0-301F-11D3-BF4B-00C04F79EFBC}") = "FormulaLuiSimpson", "FormulaLuiSimpson\FormulaLuiSimpson.csproj", "{C3116631-2534-4419-94BA-38601C618365}"
EndProject
Global
	GlobalSection(SolutionConfigurationPlatforms) = preSolution
		Debug|Any CPU = Debug|Any CPU
		Release|Any CPU = Release|Any CPU
	EndGlobalSection
	GlobalSection(ProjectConfigurationPlatforms) = postSolution
		{C3116631-2534-4419-94BA-38601C618365}.Debug|Any CPU.ActiveCfg = Debug|Any CPU
		{C3116631-2534-4419-94BA-38601C618365}.Debug|Any CPU.Build.0 = Debug|Any CPU
		{C3116631-2534-4419-94BA-38601C618365}.Release|Any CPU.ActiveCfg = Release|Any CPU
		{C3116631-2534-4419-94BA-38601C618365}.Release|Any CPU.Build.0 = Release|Any CPU
	EndGlobalSection
	GlobalSection(SolutionProperties) = preSolution
		HideSolutionNode = FALSE
	EndGlobalSection
	GlobalSection(ExtensibilityGlobals) = postSolution
		SolutionGuid = {759FA13E-3B01-4378-A84D-F9F1C14A2874}
	EndGlobalSection
EndGlobal
