
Microsoft Visual Studio Solution File, Format Version 12.00
# Visual Studio 15
VisualStudioVersion = 15.0.27004.2006
MinimumVisualStudioVersion = 10.0.40219.1
Project("{FAE04EC0-301F-11D3-BF4B-00C04F79EFBC}") = "Arbore", "Arbore\Arbore.csproj", "{45A368D9-7A8B-41EC-937B-9EBDD49E94EE}"
EndProject
Global
	GlobalSection(SolutionConfigurationPlatforms) = preSolution
		Debug|Any CPU = Debug|Any CPU
		Release|Any CPU = Release|Any CPU
	EndGlobalSection
	GlobalSection(ProjectConfigurationPlatforms) = postSolution
		{45A368D9-7A8B-41EC-937B-9EBDD49E94EE}.Debug|Any CPU.ActiveCfg = Debug|Any CPU
		{45A368D9-7A8B-41EC-937B-9EBDD49E94EE}.Debug|Any CPU.Build.0 = Debug|Any CPU
		{45A368D9-7A8B-41EC-937B-9EBDD49E94EE}.Release|Any CPU.ActiveCfg = Release|Any CPU
		{45A368D9-7A8B-41EC-937B-9EBDD49E94EE}.Release|Any CPU.Build.0 = Release|Any CPU
	EndGlobalSection
	GlobalSection(SolutionProperties) = preSolution
		HideSolutionNode = FALSE
	EndGlobalSection
	GlobalSection(ExtensibilityGlobals) = postSolution
		SolutionGuid = {9B485F14-0662-4E37-A6D3-1E295C3511F2}
	EndGlobalSection
EndGlobal
