
Microsoft Visual Studio Solution File, Format Version 12.00
# Visual Studio 15
VisualStudioVersion = 15.0.28307.960
MinimumVisualStudioVersion = 10.0.40219.1
Project("{FAE04EC0-301F-11D3-BF4B-00C04F79EFBC}") = "Bancnote", "Bancnote\Bancnote.csproj", "{6703D4EB-B15D-484F-8B12-B3908DB78291}"
EndProject
Global
	GlobalSection(SolutionConfigurationPlatforms) = preSolution
		Debug|Any CPU = Debug|Any CPU
		Release|Any CPU = Release|Any CPU
	EndGlobalSection
	GlobalSection(ProjectConfigurationPlatforms) = postSolution
		{6703D4EB-B15D-484F-8B12-B3908DB78291}.Debug|Any CPU.ActiveCfg = Debug|Any CPU
		{6703D4EB-B15D-484F-8B12-B3908DB78291}.Debug|Any CPU.Build.0 = Debug|Any CPU
		{6703D4EB-B15D-484F-8B12-B3908DB78291}.Release|Any CPU.ActiveCfg = Release|Any CPU
		{6703D4EB-B15D-484F-8B12-B3908DB78291}.Release|Any CPU.Build.0 = Release|Any CPU
	EndGlobalSection
	GlobalSection(SolutionProperties) = preSolution
		HideSolutionNode = FALSE
	EndGlobalSection
	GlobalSection(ExtensibilityGlobals) = postSolution
		SolutionGuid = {E49430D6-C458-408C-90E4-8AF624EC00C5}
	EndGlobalSection
EndGlobal
