
Microsoft Visual Studio Solution File, Format Version 12.00
# Visual Studio 15
VisualStudioVersion = 15.0.28307.572
MinimumVisualStudioVersion = 10.0.40219.1
Project("{FAE04EC0-301F-11D3-BF4B-00C04F79EFBC}") = "PolinomInterpolareLagrange", "PolinomInterpolareLagrange\PolinomInterpolareLagrange.csproj", "{BA10301C-2013-41B9-9BF8-7129528C5220}"
EndProject
Global
	GlobalSection(SolutionConfigurationPlatforms) = preSolution
		Debug|Any CPU = Debug|Any CPU
		Release|Any CPU = Release|Any CPU
	EndGlobalSection
	GlobalSection(ProjectConfigurationPlatforms) = postSolution
		{BA10301C-2013-41B9-9BF8-7129528C5220}.Debug|Any CPU.ActiveCfg = Debug|Any CPU
		{BA10301C-2013-41B9-9BF8-7129528C5220}.Debug|Any CPU.Build.0 = Debug|Any CPU
		{BA10301C-2013-41B9-9BF8-7129528C5220}.Release|Any CPU.ActiveCfg = Release|Any CPU
		{BA10301C-2013-41B9-9BF8-7129528C5220}.Release|Any CPU.Build.0 = Release|Any CPU
	EndGlobalSection
	GlobalSection(SolutionProperties) = preSolution
		HideSolutionNode = FALSE
	EndGlobalSection
	GlobalSection(ExtensibilityGlobals) = postSolution
		SolutionGuid = {2AB500C6-9AEA-4A48-9E2B-DC9344B4929E}
	EndGlobalSection
EndGlobal
