
Microsoft Visual Studio Solution File, Format Version 12.00
# Visual Studio 15
VisualStudioVersion = 15.0.27004.2006
MinimumVisualStudioVersion = 10.0.40219.1
Project("{FAE04EC0-301F-11D3-BF4B-00C04F79EFBC}") = "Mahjong", "Mahjong\Mahjong.csproj", "{0813401E-492F-4C1B-8602-7C81D4CFDC79}"
EndProject
Global
	GlobalSection(SolutionConfigurationPlatforms) = preSolution
		Debug|Any CPU = Debug|Any CPU
		Release|Any CPU = Release|Any CPU
	EndGlobalSection
	GlobalSection(ProjectConfigurationPlatforms) = postSolution
		{0813401E-492F-4C1B-8602-7C81D4CFDC79}.Debug|Any CPU.ActiveCfg = Debug|Any CPU
		{0813401E-492F-4C1B-8602-7C81D4CFDC79}.Debug|Any CPU.Build.0 = Debug|Any CPU
		{0813401E-492F-4C1B-8602-7C81D4CFDC79}.Release|Any CPU.ActiveCfg = Release|Any CPU
		{0813401E-492F-4C1B-8602-7C81D4CFDC79}.Release|Any CPU.Build.0 = Release|Any CPU
	EndGlobalSection
	GlobalSection(SolutionProperties) = preSolution
		HideSolutionNode = FALSE
	EndGlobalSection
	GlobalSection(ExtensibilityGlobals) = postSolution
		SolutionGuid = {2E165F32-EE0B-4DCC-A304-B42B4A50A986}
	EndGlobalSection
EndGlobal
