
Microsoft Visual Studio Solution File, Format Version 12.00
# Visual Studio 15
VisualStudioVersion = 15.0.28307.168
MinimumVisualStudioVersion = 10.0.40219.1
Project("{FAE04EC0-301F-11D3-BF4B-00C04F79EFBC}") = "Parole", "Parole\Parole.csproj", "{5CECD605-2E46-47DC-98AE-6B4FE82CAFBF}"
EndProject
Global
	GlobalSection(SolutionConfigurationPlatforms) = preSolution
		Debug|Any CPU = Debug|Any CPU
		Release|Any CPU = Release|Any CPU
	EndGlobalSection
	GlobalSection(ProjectConfigurationPlatforms) = postSolution
		{5CECD605-2E46-47DC-98AE-6B4FE82CAFBF}.Debug|Any CPU.ActiveCfg = Debug|Any CPU
		{5CECD605-2E46-47DC-98AE-6B4FE82CAFBF}.Debug|Any CPU.Build.0 = Debug|Any CPU
		{5CECD605-2E46-47DC-98AE-6B4FE82CAFBF}.Release|Any CPU.ActiveCfg = Release|Any CPU
		{5CECD605-2E46-47DC-98AE-6B4FE82CAFBF}.Release|Any CPU.Build.0 = Release|Any CPU
	EndGlobalSection
	GlobalSection(SolutionProperties) = preSolution
		HideSolutionNode = FALSE
	EndGlobalSection
	GlobalSection(ExtensibilityGlobals) = postSolution
		SolutionGuid = {056B13CB-EF68-4D07-BDD4-EAB744DAA4F5}
	EndGlobalSection
EndGlobal
