
Microsoft Visual Studio Solution File, Format Version 12.00
# Visual Studio 15
VisualStudioVersion = 15.0.27004.2006
MinimumVisualStudioVersion = 10.0.40219.1
Project("{FAE04EC0-301F-11D3-BF4B-00C04F79EFBC}") = "MarioGame", "MarioGame\MarioGame.csproj", "{C38FE6F9-1B62-4B8E-882A-3C6D1940D91D}"
EndProject
Global
	GlobalSection(SolutionConfigurationPlatforms) = preSolution
		Debug|Any CPU = Debug|Any CPU
		Release|Any CPU = Release|Any CPU
	EndGlobalSection
	GlobalSection(ProjectConfigurationPlatforms) = postSolution
		{C38FE6F9-1B62-4B8E-882A-3C6D1940D91D}.Debug|Any CPU.ActiveCfg = Debug|Any CPU
		{C38FE6F9-1B62-4B8E-882A-3C6D1940D91D}.Debug|Any CPU.Build.0 = Debug|Any CPU
		{C38FE6F9-1B62-4B8E-882A-3C6D1940D91D}.Release|Any CPU.ActiveCfg = Release|Any CPU
		{C38FE6F9-1B62-4B8E-882A-3C6D1940D91D}.Release|Any CPU.Build.0 = Release|Any CPU
	EndGlobalSection
	GlobalSection(SolutionProperties) = preSolution
		HideSolutionNode = FALSE
	EndGlobalSection
	GlobalSection(ExtensibilityGlobals) = postSolution
		SolutionGuid = {FBB37D73-D677-43F0-9809-9F4C831ED22E}
	EndGlobalSection
EndGlobal
