
Microsoft Visual Studio Solution File, Format Version 12.00
# Visual Studio 15
VisualStudioVersion = 15.0.28307.960
MinimumVisualStudioVersion = 10.0.40219.1
Project("{FAE04EC0-301F-11D3-BF4B-00C04F79EFBC}") = "ReversePolishNotation", "ReversePolishNotation\ReversePolishNotation.csproj", "{DA253903-540A-4CCB-95AF-B35A50091689}"
EndProject
Global
	GlobalSection(SolutionConfigurationPlatforms) = preSolution
		Debug|Any CPU = Debug|Any CPU
		Release|Any CPU = Release|Any CPU
	EndGlobalSection
	GlobalSection(ProjectConfigurationPlatforms) = postSolution
		{DA253903-540A-4CCB-95AF-B35A50091689}.Debug|Any CPU.ActiveCfg = Debug|Any CPU
		{DA253903-540A-4CCB-95AF-B35A50091689}.Debug|Any CPU.Build.0 = Debug|Any CPU
		{DA253903-540A-4CCB-95AF-B35A50091689}.Release|Any CPU.ActiveCfg = Release|Any CPU
		{DA253903-540A-4CCB-95AF-B35A50091689}.Release|Any CPU.Build.0 = Release|Any CPU
	EndGlobalSection
	GlobalSection(SolutionProperties) = preSolution
		HideSolutionNode = FALSE
	EndGlobalSection
	GlobalSection(ExtensibilityGlobals) = postSolution
		SolutionGuid = {E8E29710-A217-4632-9FFC-875692DCE87E}
	EndGlobalSection
EndGlobal
