
Microsoft Visual Studio Solution File, Format Version 12.00
# Visual Studio 15
VisualStudioVersion = 15.0.27004.2006
MinimumVisualStudioVersion = 10.0.40219.1
Project("{FAE04EC0-301F-11D3-BF4B-00C04F79EFBC}") = "Poligon in poligon", "Poligon in poligon\Poligon in poligon.csproj", "{B822E810-BDB9-49DD-BA5A-20AE41290545}"
EndProject
Global
	GlobalSection(SolutionConfigurationPlatforms) = preSolution
		Debug|Any CPU = Debug|Any CPU
		Release|Any CPU = Release|Any CPU
	EndGlobalSection
	GlobalSection(ProjectConfigurationPlatforms) = postSolution
		{B822E810-BDB9-49DD-BA5A-20AE41290545}.Debug|Any CPU.ActiveCfg = Debug|Any CPU
		{B822E810-BDB9-49DD-BA5A-20AE41290545}.Debug|Any CPU.Build.0 = Debug|Any CPU
		{B822E810-BDB9-49DD-BA5A-20AE41290545}.Release|Any CPU.ActiveCfg = Release|Any CPU
		{B822E810-BDB9-49DD-BA5A-20AE41290545}.Release|Any CPU.Build.0 = Release|Any CPU
	EndGlobalSection
	GlobalSection(SolutionProperties) = preSolution
		HideSolutionNode = FALSE
	EndGlobalSection
	GlobalSection(ExtensibilityGlobals) = postSolution
		SolutionGuid = {00B82F01-BB08-4E1D-806A-3E189C5637C5}
	EndGlobalSection
EndGlobal
