
Microsoft Visual Studio Solution File, Format Version 12.00
# Visual Studio 15
VisualStudioVersion = 15.0.28307.572
MinimumVisualStudioVersion = 10.0.40219.1
Project("{FAE04EC0-301F-11D3-BF4B-00C04F79EFBC}") = "Roboti", "Roboti\Roboti.csproj", "{408660BD-BA70-4F42-977F-D57176F3BB64}"
EndProject
Global
	GlobalSection(SolutionConfigurationPlatforms) = preSolution
		Debug|Any CPU = Debug|Any CPU
		Release|Any CPU = Release|Any CPU
	EndGlobalSection
	GlobalSection(ProjectConfigurationPlatforms) = postSolution
		{408660BD-BA70-4F42-977F-D57176F3BB64}.Debug|Any CPU.ActiveCfg = Debug|Any CPU
		{408660BD-BA70-4F42-977F-D57176F3BB64}.Debug|Any CPU.Build.0 = Debug|Any CPU
		{408660BD-BA70-4F42-977F-D57176F3BB64}.Release|Any CPU.ActiveCfg = Release|Any CPU
		{408660BD-BA70-4F42-977F-D57176F3BB64}.Release|Any CPU.Build.0 = Release|Any CPU
	EndGlobalSection
	GlobalSection(SolutionProperties) = preSolution
		HideSolutionNode = FALSE
	EndGlobalSection
	GlobalSection(ExtensibilityGlobals) = postSolution
		SolutionGuid = {65593472-7324-4856-B476-80EAC5E442BB}
	EndGlobalSection
EndGlobal
