
Microsoft Visual Studio Solution File, Format Version 12.00
# Visual Studio 15
VisualStudioVersion = 15.0.28307.960
MinimumVisualStudioVersion = 10.0.40219.1
Project("{FAE04EC0-301F-11D3-BF4B-00C04F79EFBC}") = "pbinfo_1366", "pbinfo_1366\pbinfo_1366.csproj", "{AD1254B4-CEE9-4B76-A3D6-45AF63C96943}"
EndProject
Global
	GlobalSection(SolutionConfigurationPlatforms) = preSolution
		Debug|Any CPU = Debug|Any CPU
		Release|Any CPU = Release|Any CPU
	EndGlobalSection
	GlobalSection(ProjectConfigurationPlatforms) = postSolution
		{AD1254B4-CEE9-4B76-A3D6-45AF63C96943}.Debug|Any CPU.ActiveCfg = Debug|Any CPU
		{AD1254B4-CEE9-4B76-A3D6-45AF63C96943}.Debug|Any CPU.Build.0 = Debug|Any CPU
		{AD1254B4-CEE9-4B76-A3D6-45AF63C96943}.Release|Any CPU.ActiveCfg = Release|Any CPU
		{AD1254B4-CEE9-4B76-A3D6-45AF63C96943}.Release|Any CPU.Build.0 = Release|Any CPU
	EndGlobalSection
	GlobalSection(SolutionProperties) = preSolution
		HideSolutionNode = FALSE
	EndGlobalSection
	GlobalSection(ExtensibilityGlobals) = postSolution
		SolutionGuid = {2B190C39-FC61-4653-94DD-A8FCDCA1C7F2}
	EndGlobalSection
EndGlobal
