
Microsoft Visual Studio Solution File, Format Version 12.00
# Visual Studio 15
VisualStudioVersion = 15.0.28307.572
MinimumVisualStudioVersion = 10.0.40219.1
Project("{FAE04EC0-301F-11D3-BF4B-00C04F79EFBC}") = "Elipsa", "Elipsa\Elipsa.csproj", "{7FE8C0FF-D4DD-42FC-8BD3-4E93CFA60AC5}"
EndProject
Global
	GlobalSection(SolutionConfigurationPlatforms) = preSolution
		Debug|Any CPU = Debug|Any CPU
		Release|Any CPU = Release|Any CPU
	EndGlobalSection
	GlobalSection(ProjectConfigurationPlatforms) = postSolution
		{7FE8C0FF-D4DD-42FC-8BD3-4E93CFA60AC5}.Debug|Any CPU.ActiveCfg = Debug|Any CPU
		{7FE8C0FF-D4DD-42FC-8BD3-4E93CFA60AC5}.Debug|Any CPU.Build.0 = Debug|Any CPU
		{7FE8C0FF-D4DD-42FC-8BD3-4E93CFA60AC5}.Release|Any CPU.ActiveCfg = Release|Any CPU
		{7FE8C0FF-D4DD-42FC-8BD3-4E93CFA60AC5}.Release|Any CPU.Build.0 = Release|Any CPU
	EndGlobalSection
	GlobalSection(SolutionProperties) = preSolution
		HideSolutionNode = FALSE
	EndGlobalSection
	GlobalSection(ExtensibilityGlobals) = postSolution
		SolutionGuid = {9344BF8A-F9B0-4727-992A-9F062A181F0F}
	EndGlobalSection
EndGlobal
